// !$*UTF8*$!
{
	archiveVersion = 1;
	classes = {
	};
	objectVersion = 46;
	objects = {

/* Begin PBXBuildFile section */
		CB74E3AC86607224E38384BA /* Pods_Example.framework in Frameworks */ = {isa = PBXBuildFile; fileRef = 072EB38A910B7B12C24E6339 /* Pods_Example.framework */; };
		FF018F7B1DD387D300CC04BA /* AppDelegate.swift in Sources */ = {isa = PBXBuildFile; fileRef = FF018F731DD387D300CC04BA /* AppDelegate.swift */; };
		FF018F7C1DD387D300CC04BA /* Assets.xcassets in Resources */ = {isa = PBXBuildFile; fileRef = FF018F741DD387D300CC04BA /* Assets.xcassets */; };
		FF018F7D1DD387D300CC04BA /* LaunchScreen.storyboard in Resources */ = {isa = PBXBuildFile; fileRef = FF018F751DD387D300CC04BA /* LaunchScreen.storyboard */; };
		FF018F7E1DD387D300CC04BA /* Main.storyboard in Resources */ = {isa = PBXBuildFile; fileRef = FF018F771DD387D300CC04BA /* Main.storyboard */; };
		FF018F801DD387D300CC04BA /* ViewController.swift in Sources */ = {isa = PBXBuildFile; fileRef = FF018F7A1DD387D300CC04BA /* ViewController.swift */; };
		FF4784FE1DE53A7C005C7E7E /* InputViewController.swift in Sources */ = {isa = PBXBuildFile; fileRef = FF4784FD1DE53A7C005C7E7E /* InputViewController.swift */; };
/* End PBXBuildFile section */

/* Begin PBXFileReference section */
		072EB38A910B7B12C24E6339 /* Pods_Example.framework */ = {isa = PBXFileReference; explicitFileType = wrapper.framework; includeInIndex = 0; path = Pods_Example.framework; sourceTree = BUILT_PRODUCTS_DIR; };
		2B56F8AED0F17FE08C419904 /* Pods-Example.debug.xcconfig */ = {isa = PBXFileReference; includeInIndex = 1; lastKnownFileType = text.xcconfig; name = "Pods-Example.debug.xcconfig"; path = "Pods/Target Support Files/Pods-Example/Pods-Example.debug.xcconfig"; sourceTree = "<group>"; };
		417F225DF51D9565D485830F /* Pods-Example.release.xcconfig */ = {isa = PBXFileReference; includeInIndex = 1; lastKnownFileType = text.xcconfig; name = "Pods-Example.release.xcconfig"; path = "Pods/Target Support Files/Pods-Example/Pods-Example.release.xcconfig"; sourceTree = "<group>"; };
		FF018F5D1DD3873B00CC04BA /* Example.app */ = {isa = PBXFileReference; explicitFileType = wrapper.application; includeInIndex = 0; path = Example.app; sourceTree = BUILT_PRODUCTS_DIR; };
		FF018F731DD387D300CC04BA /* AppDelegate.swift */ = {isa = PBXFileReference; fileEncoding = 4; lastKnownFileType = sourcecode.swift; path = AppDelegate.swift; sourceTree = "<group>"; };
		FF018F741DD387D300CC04BA /* Assets.xcassets */ = {isa = PBXFileReference; lastKnownFileType = folder.assetcatalog; path = Assets.xcassets; sourceTree = "<group>"; };
		FF018F761DD387D300CC04BA /* Base */ = {isa = PBXFileReference; lastKnownFileType = file.storyboard; name = Base; path = Base.lproj/LaunchScreen.storyboard; sourceTree = "<group>"; };
		FF018F781DD387D300CC04BA /* Base */ = {isa = PBXFileReference; lastKnownFileType = file.storyboard; name = Base; path = Base.lproj/Main.storyboard; sourceTree = "<group>"; };
		FF018F791DD387D300CC04BA /* Info.plist */ = {isa = PBXFileReference; fileEncoding = 4; lastKnownFileType = text.plist.xml; path = Info.plist; sourceTree = "<group>"; };
		FF018F7A1DD387D300CC04BA /* ViewController.swift */ = {isa = PBXFileReference; fileEncoding = 4; lastKnownFileType = sourcecode.swift; path = ViewController.swift; sourceTree = "<group>"; };
		FF018F861DD3890300CC04BA /* Hud.swift */ = {isa = PBXFileReference; lastKnownFileType = sourcecode.swift; path = Hud.swift; sourceTree = "<group>"; };
		FF018F871DD3890300CC04BA /* Manager.swift */ = {isa = PBXFileReference; lastKnownFileType = sourcecode.swift; path = Manager.swift; sourceTree = "<group>"; };
		FF4784FB1DE53A03005C7E7E /* HudSegue.swift */ = {isa = PBXFileReference; fileEncoding = 4; lastKnownFileType = sourcecode.swift; path = HudSegue.swift; sourceTree = "<group>"; };
		FF4784FD1DE53A7C005C7E7E /* InputViewController.swift */ = {isa = PBXFileReference; fileEncoding = 4; lastKnownFileType = sourcecode.swift; path = InputViewController.swift; sourceTree = "<group>"; };
/* End PBXFileReference section */

/* Begin PBXFrameworksBuildPhase section */
		FF018F5A1DD3873B00CC04BA /* Frameworks */ = {
			isa = PBXFrameworksBuildPhase;
			buildActionMask = 2147483647;
			files = (
				CB74E3AC86607224E38384BA /* Pods_Example.framework in Frameworks */,
			);
			runOnlyForDeploymentPostprocessing = 0;
		};
/* End PBXFrameworksBuildPhase section */

/* Begin PBXGroup section */
		1DED6E119531FF2AFCD11B29 /* Pods */ = {
			isa = PBXGroup;
			children = (
				2B56F8AED0F17FE08C419904 /* Pods-Example.debug.xcconfig */,
				417F225DF51D9565D485830F /* Pods-Example.release.xcconfig */,
			);
			name = Pods;
			sourceTree = "<group>";
		};
		BD012D89D98C5AC27F31CEB6 /* Frameworks */ = {
			isa = PBXGroup;
			children = (
				072EB38A910B7B12C24E6339 /* Pods_Example.framework */,
			);
			name = Frameworks;
			sourceTree = "<group>";
		};
		FF018F541DD3873B00CC04BA = {
			isa = PBXGroup;
			children = (
				FF018F851DD3890300CC04BA /* Source */,
				FF018F721DD387D300CC04BA /* Example */,
				FF018F5E1DD3873B00CC04BA /* Products */,
				1DED6E119531FF2AFCD11B29 /* Pods */,
				BD012D89D98C5AC27F31CEB6 /* Frameworks */,
			);
			sourceTree = "<group>";
		};
		FF018F5E1DD3873B00CC04BA /* Products */ = {
			isa = PBXGroup;
			children = (
				FF018F5D1DD3873B00CC04BA /* Example.app */,
			);
			name = Products;
			sourceTree = "<group>";
		};
		FF018F721DD387D300CC04BA /* Example */ = {
			isa = PBXGroup;
			children = (
				FF018F731DD387D300CC04BA /* AppDelegate.swift */,
				FF018F741DD387D300CC04BA /* Assets.xcassets */,
				FF018F751DD387D300CC04BA /* LaunchScreen.storyboard */,
				FF018F771DD387D300CC04BA /* Main.storyboard */,
				FF018F791DD387D300CC04BA /* Info.plist */,
				FF018F7A1DD387D300CC04BA /* ViewController.swift */,
				FF4784FD1DE53A7C005C7E7E /* InputViewController.swift */,
			);
			path = Example;
			sourceTree = "<group>";
		};
		FF018F851DD3890300CC04BA /* Source */ = {
			isa = PBXGroup;
			children = (
				FF018F861DD3890300CC04BA /* Hud.swift */,
				FF018F871DD3890300CC04BA /* Manager.swift */,
				FF4784FB1DE53A03005C7E7E /* HudSegue.swift */,
			);
			path = Source;
			sourceTree = "<group>";
		};
/* End PBXGroup section */

/* Begin PBXNativeTarget section */
		FF018F5C1DD3873B00CC04BA /* Example */ = {
			isa = PBXNativeTarget;
			buildConfigurationList = FF018F6F1DD3873B00CC04BA /* Build configuration list for PBXNativeTarget "Example" */;
			buildPhases = (
				A77672BD71DCBD09BC2C1080 /* [CP] Check Pods Manifest.lock */,
				FF018F591DD3873B00CC04BA /* Sources */,
				FF018F5A1DD3873B00CC04BA /* Frameworks */,
				FF018F5B1DD3873B00CC04BA /* Resources */,
				C5D6C1D0690631F8082A3CB0 /* [CP] Embed Pods Frameworks */,
				3BE6CF8157BB33C410D30795 /* [CP] Copy Pods Resources */,
			);
			buildRules = (
			);
			dependencies = (
			);
			name = Example;
			productName = GMHud;
			productReference = FF018F5D1DD3873B00CC04BA /* Example.app */;
			productType = "com.apple.product-type.application";
		};
/* End PBXNativeTarget section */

/* Begin PBXProject section */
		FF018F551DD3873B00CC04BA /* Project object */ = {
			isa = PBXProject;
			attributes = {
				LastSwiftUpdateCheck = 0800;
				LastUpgradeCheck = 0810;
				ORGANIZATIONNAME = gdollardollar;
				TargetAttributes = {
					FF018F5C1DD3873B00CC04BA = {
						CreatedOnToolsVersion = 8.0;
						DevelopmentTeam = XFC57PL5K8;
						ProvisioningStyle = Automatic;
					};
				};
			};
			buildConfigurationList = FF018F581DD3873B00CC04BA /* Build configuration list for PBXProject "GMHud" */;
			compatibilityVersion = "Xcode 3.2";
			developmentRegion = English;
			hasScannedForEncodings = 0;
			knownRegions = (
				en,
				Base,
			);
			mainGroup = FF018F541DD3873B00CC04BA;
			productRefGroup = FF018F5E1DD3873B00CC04BA /* Products */;
			projectDirPath = "";
			projectRoot = "";
			targets = (
				FF018F5C1DD3873B00CC04BA /* Example */,
			);
		};
/* End PBXProject section */

/* Begin PBXResourcesBuildPhase section */
		FF018F5B1DD3873B00CC04BA /* Resources */ = {
			isa = PBXResourcesBuildPhase;
			buildActionMask = 2147483647;
			files = (
				FF018F7E1DD387D300CC04BA /* Main.storyboard in Resources */,
				FF018F7C1DD387D300CC04BA /* Assets.xcassets in Resources */,
				FF018F7D1DD387D300CC04BA /* LaunchScreen.storyboard in Resources */,
			);
			runOnlyForDeploymentPostprocessing = 0;
		};
/* End PBXResourcesBuildPhase section */

/* Begin PBXShellScriptBuildPhase section */
		3BE6CF8157BB33C410D30795 /* [CP] Copy Pods Resources */ = {
			isa = PBXShellScriptBuildPhase;
			buildActionMask = 2147483647;
			files = (
			);
			inputPaths = (
			);
			name = "[CP] Copy Pods Resources";
			outputPaths = (
			);
			runOnlyForDeploymentPostprocessing = 0;
			shellPath = /bin/sh;
			shellScript = "\"${SRCROOT}/Pods/Target Support Files/Pods-Example/Pods-Example-resources.sh\"\n";
			showEnvVarsInLog = 0;
		};
		A77672BD71DCBD09BC2C1080 /* [CP] Check Pods Manifest.lock */ = {
			isa = PBXShellScriptBuildPhase;
			buildActionMask = 2147483647;
			files = (
			);
			inputPaths = (
			);
			name = "[CP] Check Pods Manifest.lock";
			outputPaths = (
			);
			runOnlyForDeploymentPostprocessing = 0;
			shellPath = /bin/sh;
			shellScript = "diff \"${PODS_ROOT}/../Podfile.lock\" \"${PODS_ROOT}/Manifest.lock\" > /dev/null\nif [ $? != 0 ] ; then\n    # print error to STDERR\n    echo \"error: The sandbox is not in sync with the Podfile.lock. Run 'pod install' or update your CocoaPods installation.\" >&2\n    exit 1\nfi\n";
			showEnvVarsInLog = 0;
		};
		C5D6C1D0690631F8082A3CB0 /* [CP] Embed Pods Frameworks */ = {
			isa = PBXShellScriptBuildPhase;
			buildActionMask = 2147483647;
			files = (
			);
			inputPaths = (
			);
			name = "[CP] Embed Pods Frameworks";
			outputPaths = (
			);
			runOnlyForDeploymentPostprocessing = 0;
			shellPath = /bin/sh;
			shellScript = "\"${SRCROOT}/Pods/Target Support Files/Pods-Example/Pods-Example-frameworks.sh\"\n";
			showEnvVarsInLog = 0;
		};
/* End PBXShellScriptBuildPhase section */

/* Begin PBXSourcesBuildPhase section */
		FF018F591DD3873B00CC04BA /* Sources */ = {
			isa = PBXSourcesBuildPhase;
			buildActionMask = 2147483647;
			files = (
				FF4784FE1DE53A7C005C7E7E /* InputViewController.swift in Sources */,
				FF018F801DD387D300CC04BA /* ViewController.swift in Sources */,
				FF018F7B1DD387D300CC04BA /* AppDelegate.swift in Sources */,
			);
			runOnlyForDeploymentPostprocessing = 0;
		};
/* End PBXSourcesBuildPhase section */

/* Begin PBXVariantGroup section */
		FF018F751DD387D300CC04BA /* LaunchScreen.storyboard */ = {
			isa = PBXVariantGroup;
			children = (
				FF018F761DD387D300CC04BA /* Base */,
			);
			name = LaunchScreen.storyboard;
			sourceTree = "<group>";
		};
		FF018F771DD387D300CC04BA /* Main.storyboard */ = {
			isa = PBXVariantGroup;
			children = (
				FF018F781DD387D300CC04BA /* Base */,
			);
			name = Main.storyboard;
			sourceTree = "<group>";
		};
/* End PBXVariantGroup section */

/* Begin XCBuildConfiguration section */
		FF018F6D1DD3873B00CC04BA /* Debug */ = {
			isa = XCBuildConfiguration;
			buildSettings = {
				ALWAYS_SEARCH_USER_PATHS = NO;
				CLANG_ANALYZER_NONNULL = YES;
				CLANG_CXX_LANGUAGE_STANDARD = "gnu++0x";
				CLANG_CXX_LIBRARY = "libc++";
				CLANG_ENABLE_MODULES = YES;
				CLANG_ENABLE_OBJC_ARC = YES;
				CLANG_WARN_BOOL_CONVERSION = YES;
				CLANG_WARN_CONSTANT_CONVERSION = YES;
				CLANG_WARN_DIRECT_OBJC_ISA_USAGE = YES_ERROR;
				CLANG_WARN_DOCUMENTATION_COMMENTS = YES;
				CLANG_WARN_EMPTY_BODY = YES;
				CLANG_WARN_ENUM_CONVERSION = YES;
				CLANG_WARN_INFINITE_RECURSION = YES;
				CLANG_WARN_INT_CONVERSION = YES;
				CLANG_WARN_OBJC_ROOT_CLASS = YES_ERROR;
				CLANG_WARN_SUSPICIOUS_MOVE = YES;
				CLANG_WARN_SUSPICIOUS_MOVES = YES;
				CLANG_WARN_UNREACHABLE_CODE = YES;
				CLANG_WARN__DUPLICATE_METHOD_MATCH = YES;
				"CODE_SIGN_IDENTITY[sdk=iphoneos*]" = "iPhone Developer";
				COPY_PHASE_STRIP = NO;
				DEBUG_INFORMATION_FORMAT = dwarf;
				ENABLE_STRICT_OBJC_MSGSEND = YES;
				ENABLE_TESTABILITY = YES;
				GCC_C_LANGUAGE_STANDARD = gnu99;
				GCC_DYNAMIC_NO_PIC = NO;
				GCC_NO_COMMON_BLOCKS = YES;
				GCC_OPTIMIZATION_LEVEL = 0;
				GCC_PREPROCESSOR_DEFINITIONS = (
					"DEBUG=1",
					"$(inherited)",
				);
				GCC_WARN_64_TO_32_BIT_CONVERSION = YES;
				GCC_WARN_ABOUT_RETURN_TYPE = YES_ERROR;
				GCC_WARN_UNDECLARED_SELECTOR = YES;
				GCC_WARN_UNINITIALIZED_AUTOS = YES_AGGRESSIVE;
				GCC_WARN_UNUSED_FUNCTION = YES;
				GCC_WARN_UNUSED_VARIABLE = YES;
				IPHONEOS_DEPLOYMENT_TARGET = 10.0;
				MTL_ENABLE_DEBUG_INFO = YES;
				ONLY_ACTIVE_ARCH = YES;
				SDKROOT = iphoneos;
				SWIFT_ACTIVE_COMPILATION_CONDITIONS = DEBUG;
				SWIFT_OPTIMIZATION_LEVEL = "-Onone";
				TARGETED_DEVICE_FAMILY = "1,2";
			};
			name = Debug;
		};
		FF018F6E1DD3873B00CC04BA /* Release */ = {
			isa = XCBuildConfiguration;
			buildSettings = {
				ALWAYS_SEARCH_USER_PATHS = NO;
				CLANG_ANALYZER_NONNULL = YES;
				CLANG_CXX_LANGUAGE_STANDARD = "gnu++0x";
				CLANG_CXX_LIBRARY = "libc++";
				CLANG_ENABLE_MODULES = YES;
				CLANG_ENABLE_OBJC_ARC = YES;
				CLANG_WARN_BOOL_CONVERSION = YES;
				CLANG_WARN_CONSTANT_CONVERSION = YES;
				CLANG_WARN_DIRECT_OBJC_ISA_USAGE = YES_ERROR;
				CLANG_WARN_DOCUMENTATION_COMMENTS = YES;
				CLANG_WARN_EMPTY_BODY = YES;
				CLANG_WARN_ENUM_CONVERSION = YES;
				CLANG_WARN_INFINITE_RECURSION = YES;
				CLANG_WARN_INT_CONVERSION = YES;
				CLANG_WARN_OBJC_ROOT_CLASS = YES_ERROR;
				CLANG_WARN_SUSPICIOUS_MOVE = YES;
				CLANG_WARN_SUSPICIOUS_MOVES = YES;
				CLANG_WARN_UNREACHABLE_CODE = YES;
				CLANG_WARN__DUPLICATE_METHOD_MATCH = YES;
				"CODE_SIGN_IDENTITY[sdk=iphoneos*]" = "iPhone Developer";
				COPY_PHASE_STRIP = NO;
				DEBUG_INFORMATION_FORMAT = "dwarf-with-dsym";
				ENABLE_NS_ASSERTIONS = NO;
				ENABLE_STRICT_OBJC_MSGSEND = YES;
				GCC_C_LANGUAGE_STANDARD = gnu99;
				GCC_NO_COMMON_BLOCKS = YES;
				GCC_WARN_64_TO_32_BIT_CONVERSION = YES;
				GCC_WARN_ABOUT_RETURN_TYPE = YES_ERROR;
				GCC_WARN_UNDECLARED_SELECTOR = YES;
				GCC_WARN_UNINITIALIZED_AUTOS = YES_AGGRESSIVE;
				GCC_WARN_UNUSED_FUNCTION = YES;
				GCC_WARN_UNUSED_VARIABLE = YES;
				IPHONEOS_DEPLOYMENT_TARGET = 10.0;
				MTL_ENABLE_DEBUG_INFO = NO;
				SDKROOT = iphoneos;
				SWIFT_OPTIMIZATION_LEVEL = "-Owholemodule";
				TARGETED_DEVICE_FAMILY = "1,2";
				VALIDATE_PRODUCT = YES;
			};
			name = Release;
		};
		FF018F701DD3873B00CC04BA /* Debug */ = {
			isa = XCBuildConfiguration;
			baseConfigurationReference = 2B56F8AED0F17FE08C419904 /* Pods-Example.debug.xcconfig */;
			buildSettings = {
				ASSETCATALOG_COMPILER_APPICON_NAME = AppIcon;
				DEVELOPMENT_TEAM = XFC57PL5K8;
				INFOPLIST_FILE = "$(SRCROOT)/Example/Info.plist";
				LD_RUNPATH_SEARCH_PATHS = "$(inherited) @executable_path/Frameworks";
				PRODUCT_BUNDLE_IDENTIFIER = com.gdollardollar.GMHud;
				PRODUCT_NAME = "$(TARGET_NAME)";
				SWIFT_VERSION = 3.0;
			};
			name = Debug;
		};
		FF018F711DD3873B00CC04BA /* Release */ = {
			isa = XCBuildConfiguration;
			baseConfigurationReference = 417F225DF51D9565D485830F /* Pods-Example.release.xcconfig */;
			buildSettings = {
				ASSETCATALOG_COMPILER_APPICON_NAME = AppIcon;
				DEVELOPMENT_TEAM = XFC57PL5K8;
				INFOPLIST_FILE = "$(SRCROOT)/Example/Info.plist";
				LD_RUNPATH_SEARCH_PATHS = "$(inherited) @executable_path/Frameworks";
				PRODUCT_BUNDLE_IDENTIFIER = com.gdollardollar.GMHud;
				PRODUCT_NAME = "$(TARGET_NAME)";
				SWIFT_VERSION = 3.0;
			};
			name = Release;
		};
/* End XCBuildConfiguration section */

/* Begin XCConfigurationList section */
		FF018F581DD3873B00CC04BA /* Build configuration list for PBXProject "GMHud" */ = {
			isa = XCConfigurationList;
			buildConfigurations = (
				FF018F6D1DD3873B00CC04BA /* Debug */,
				FF018F6E1DD3873B00CC04BA /* Release */,
			);
			defaultConfigurationIsVisible = 0;
			defaultConfigurationName = Release;
		};
		FF018F6F1DD3873B00CC04BA /* Build configuration list for PBXNativeTarget "Example" */ = {
			isa = XCConfigurationList;
			buildConfigurations = (
				FF018F701DD3873B00CC04BA /* Debug */,
				FF018F711DD3873B00CC04BA /* Release */,
			);
			defaultConfigurationIsVisible = 0;
			defaultConfigurationName = Release;
		};
/* End XCConfigurationList section */
	};
	rootObject = FF018F551DD3873B00CC04BA /* Project object */;
}
